
Microsoft Visual Studio Solution File, Format Version 12.00
# Visual Studio Version 17
VisualStudioVersion = 17.0.31903.59
MinimumVisualStudioVersion = 10.0.40219.1
Project("{2150E333-8FDC-42A3-9474-1A3956D46DE8}") = "src", "src", "{827E0CD3-B72D-47B6-A68D-7590B98EB39B}"
EndProject
Project("{FAE04EC0-301F-11D3-BF4B-00C04F79EFBC}") = "HomelabHub.Abstractions", "src\HomelabHub.Abstractions\HomelabHub.Abstractions.csproj", "{46944229-B8B0-422D-B76F-F6EE6506E716}"
EndProject
Project("{FAE04EC0-301F-11D3-BF4B-00C04F79EFBC}") = "HomelabHub.Core", "src\HomelabHub.Core\HomelabHub.Core.csproj", "{0F4223A6-701A-4EDB-B1FF-ED5661347EE7}"
EndProject
Project("{FAE04EC0-301F-11D3-BF4B-00C04F79EFBC}") = "HomelabHub.Discord", "src\HomelabHub.Discord\HomelabHub.Discord.csproj", "{166F74F0-46C8-4C7C-A111-7CA9E79D157F}"
EndProject
Project("{FAE04EC0-301F-11D3-BF4B-00C04F79EFBC}") = "HomelabHub.Infrastructure", "src\HomelabHub.Infrastructure\HomelabHub.Infrastructure.csproj", "{AEA92141-CD8C-4AF4-999A-8945A80736FC}"
EndProject
Project("{FAE04EC0-301F-11D3-BF4B-00C04F79EFBC}") = "HomelabHub.Modules.Media", "src\HomelabHub.Modules.Media\HomelabHub.Modules.Media.csproj", "{80413CE2-FA64-4030-B6D5-566BFEEE26E4}"
EndProject
Project("{FAE04EC0-301F-11D3-BF4B-00C04F79EFBC}") = "HomelabHub.Modules.System", "src\HomelabHub.Modules.System\HomelabHub.Modules.System.csproj", "{517BE0EF-028F-4C9C-A975-B2491408990F}"
EndProject
Project("{2150E333-8FDC-42A3-9474-1A3956D46DE8}") = "tests", "tests", "{0AB3BF05-4346-4AA6-1389-037BE0695223}"
EndProject
Project("{FAE04EC0-301F-11D3-BF4B-00C04F79EFBC}") = "HomelabHub.Architecture.Tests", "tests\HomelabHub.Architecture.Tests\HomelabHub.Architecture.Tests.csproj", "{BCF96576-0065-47EA-A667-7C28D43F8387}"
EndProject
Project("{FAE04EC0-301F-11D3-BF4B-00C04F79EFBC}") = "HomelabHub.Modules.Media.Tests", "tests\HomelabHub.Modules.Media.Tests\HomelabHub.Modules.Media.Tests.csproj", "{C33654CB-D39C-40D7-8BD8-C43B924355DA}"
EndProject
Project("{FAE04EC0-301F-11D3-BF4B-00C04F79EFBC}") = "HomelabHub.Host", "src\HomelabHub.Host\HomelabHub.Host.csproj", "{B2CB8C22-FA8C-43E7-B17A-20D0AC3920DC}"
EndProject
Project("{FAE04EC0-301F-11D3-BF4B-00C04F79EFBC}") = "HomelabHub.Core.Tests", "tests\HomelabHub.Core.Tests\HomelabHub.Core.Tests.csproj", "{5149DDD5-CCDF-4A1E-A71A-A8D3CD40F382}"
EndProject
Project("{FAE04EC0-301F-11D3-BF4B-00C04F79EFBC}") = "HomelabHub.Infrastructure.Tests", "tests\HomelabHub.Infrastructure.Tests\HomelabHub.Infrastructure.Tests.csproj", "{08C84F67-E42A-4F52-9E6C-9109C7FEAE9D}"
EndProject
Global
	GlobalSection(SolutionConfigurationPlatforms) = preSolution
		Debug|Any CPU = Debug|Any CPU
		Debug|x64 = Debug|x64
		Debug|x86 = Debug|x86
		Release|Any CPU = Release|Any CPU
		Release|x64 = Release|x64
		Release|x86 = Release|x86
	EndGlobalSection
	GlobalSection(ProjectConfigurationPlatforms) = postSolution
		{46944229-B8B0-422D-B76F-F6EE6506E716}.Debug|Any CPU.ActiveCfg = Debug|Any CPU
		{46944229-B8B0-422D-B76F-F6EE6506E716}.Debug|Any CPU.Build.0 = Debug|Any CPU
		{46944229-B8B0-422D-B76F-F6EE6506E716}.Debug|x64.ActiveCfg = Debug|Any CPU
		{46944229-B8B0-422D-B76F-F6EE6506E716}.Debug|x64.Build.0 = Debug|Any CPU
		{46944229-B8B0-422D-B76F-F6EE6506E716}.Debug|x86.ActiveCfg = Debug|Any CPU
		{46944229-B8B0-422D-B76F-F6EE6506E716}.Debug|x86.Build.0 = Debug|Any CPU
		{46944229-B8B0-422D-B76F-F6EE6506E716}.Release|Any CPU.ActiveCfg = Release|Any CPU
		{46944229-B8B0-422D-B76F-F6EE6506E716}.Release|Any CPU.Build.0 = Release|Any CPU
		{46944229-B8B0-422D-B76F-F6EE6506E716}.Release|x64.ActiveCfg = Release|Any CPU
		{46944229-B8B0-422D-B76F-F6EE6506E716}.Release|x64.Build.0 = Release|Any CPU
		{46944229-B8B0-422D-B76F-F6EE6506E716}.Release|x86.ActiveCfg = Release|Any CPU
		{46944229-B8B0-422D-B76F-F6EE6506E716}.Release|x86.Build.0 = Release|Any CPU
		{0F4223A6-701A-4EDB-B1FF-ED5661347EE7}.Debug|Any CPU.ActiveCfg = Debug|Any CPU
		{0F4223A6-701A-4EDB-B1FF-ED5661347EE7}.Debug|Any CPU.Build.0 = Debug|Any CPU
		{0F4223A6-701A-4EDB-B1FF-ED5661347EE7}.Debug|x64.ActiveCfg = Debug|Any CPU
		{0F4223A6-701A-4EDB-B1FF-ED5661347EE7}.Debug|x64.Build.0 = Debug|Any CPU
		{0F4223A6-701A-4EDB-B1FF-ED5661347EE7}.Debug|x86.ActiveCfg = Debug|Any CPU
		{0F4223A6-701A-4EDB-B1FF-ED5661347EE7}.Debug|x86.Build.0 = Debug|Any CPU
		{0F4223A6-701A-4EDB-B1FF-ED5661347EE7}.Release|Any CPU.ActiveCfg = Release|Any CPU
		{0F4223A6-701A-4EDB-B1FF-ED5661347EE7}.Release|Any CPU.Build.0 = Release|Any CPU
		{0F4223A6-701A-4EDB-B1FF-ED5661347EE7}.Release|x64.ActiveCfg = Release|Any CPU
		{0F4223A6-701A-4EDB-B1FF-ED5661347EE7}.Release|x64.Build.0 = Release|Any CPU
		{0F4223A6-701A-4EDB-B1FF-ED5661347EE7}.Release|x86.ActiveCfg = Release|Any CPU
		{0F4223A6-701A-4EDB-B1FF-ED5661347EE7}.Release|x86.Build.0 = Release|Any CPU
		{166F74F0-46C8-4C7C-A111-7CA9E79D157F}.Debug|Any CPU.ActiveCfg = Debug|Any CPU
		{166F74F0-46C8-4C7C-A111-7CA9E79D157F}.Debug|Any CPU.Build.0 = Debug|Any CPU
		{166F74F0-46C8-4C7C-A111-7CA9E79D157F}.Debug|x64.ActiveCfg = Debug|Any CPU
		{166F74F0-46C8-4C7C-A111-7CA9E79D157F}.Debug|x64.Build.0 = Debug|Any CPU
		{166F74F0-46C8-4C7C-A111-7CA9E79D157F}.Debug|x86.ActiveCfg = Debug|Any CPU
		{166F74F0-46C8-4C7C-A111-7CA9E79D157F}.Debug|x86.Build.0 = Debug|Any CPU
		{166F74F0-46C8-4C7C-A111-7CA9E79D157F}.Release|Any CPU.ActiveCfg = Release|Any CPU
		{166F74F0-46C8-4C7C-A111-7CA9E79D157F}.Release|Any CPU.Build.0 = Release|Any CPU
		{166F74F0-46C8-4C7C-A111-7CA9E79D157F}.Release|x64.ActiveCfg = Release|Any CPU
		{166F74F0-46C8-4C7C-A111-7CA9E79D157F}.Release|x64.Build.0 = Release|Any CPU
		{166F74F0-46C8-4C7C-A111-7CA9E79D157F}.Release|x86.ActiveCfg = Release|Any CPU
		{166F74F0-46C8-4C7C-A111-7CA9E79D157F}.Release|x86.Build.0 = Release|Any CPU
		{AEA92141-CD8C-4AF4-999A-8945A80736FC}.Debug|Any CPU.ActiveCfg = Debug|Any CPU
		{AEA92141-CD8C-4AF4-999A-8945A80736FC}.Debug|Any CPU.Build.0 = Debug|Any CPU
		{AEA92141-CD8C-4AF4-999A-8945A80736FC}.Debug|x64.ActiveCfg = Debug|Any CPU
		{AEA92141-CD8C-4AF4-999A-8945A80736FC}.Debug|x64.Build.0 = Debug|Any CPU
		{AEA92141-CD8C-4AF4-999A-8945A80736FC}.Debug|x86.ActiveCfg = Debug|Any CPU
		{AEA92141-CD8C-4AF4-999A-8945A80736FC}.Debug|x86.Build.0 = Debug|Any CPU
		{AEA92141-CD8C-4AF4-999A-8945A80736FC}.Release|Any CPU.ActiveCfg = Release|Any CPU
		{AEA92141-CD8C-4AF4-999A-8945A80736FC}.Release|Any CPU.Build.0 = Release|Any CPU
		{AEA92141-CD8C-4AF4-999A-8945A80736FC}.Release|x64.ActiveCfg = Release|Any CPU
		{AEA92141-CD8C-4AF4-999A-8945A80736FC}.Release|x64.Build.0 = Release|Any CPU
		{AEA92141-CD8C-4AF4-999A-8945A80736FC}.Release|x86.ActiveCfg = Release|Any CPU
		{AEA92141-CD8C-4AF4-999A-8945A80736FC}.Release|x86.Build.0 = Release|Any CPU
		{80413CE2-FA64-4030-B6D5-566BFEEE26E4}.Debug|Any CPU.ActiveCfg = Debug|Any CPU
		{80413CE2-FA64-4030-B6D5-566BFEEE26E4}.Debug|Any CPU.Build.0 = Debug|Any CPU
		{80413CE2-FA64-4030-B6D5-566BFEEE26E4}.Debug|x64.ActiveCfg = Debug|Any CPU
		{80413CE2-FA64-4030-B6D5-566BFEEE26E4}.Debug|x64.Build.0 = Debug|Any CPU
		{80413CE2-FA64-4030-B6D5-566BFEEE26E4}.Debug|x86.ActiveCfg = Debug|Any CPU
		{80413CE2-FA64-4030-B6D5-566BFEEE26E4}.Debug|x86.Build.0 = Debug|Any CPU
		{80413CE2-FA64-4030-B6D5-566BFEEE26E4}.Release|Any CPU.ActiveCfg = Release|Any CPU
		{80413CE2-FA64-4030-B6D5-566BFEEE26E4}.Release|Any CPU.Build.0 = Release|Any CPU
		{80413CE2-FA64-4030-B6D5-566BFEEE26E4}.Release|x64.ActiveCfg = Release|Any CPU
		{80413CE2-FA64-4030-B6D5-566BFEEE26E4}.Release|x64.Build.0 = Release|Any CPU
		{80413CE2-FA64-4030-B6D5-566BFEEE26E4}.Release|x86.ActiveCfg = Release|Any CPU
		{80413CE2-FA64-4030-B6D5-566BFEEE26E4}.Release|x86.Build.0 = Release|Any CPU
		{517BE0EF-028F-4C9C-A975-B2491408990F}.Debug|Any CPU.ActiveCfg = Debug|Any CPU
		{517BE0EF-028F-4C9C-A975-B2491408990F}.Debug|Any CPU.Build.0 = Debug|Any CPU
		{517BE0EF-028F-4C9C-A975-B2491408990F}.Debug|x64.ActiveCfg = Debug|Any CPU
		{517BE0EF-028F-4C9C-A975-B2491408990F}.Debug|x64.Build.0 = Debug|Any CPU
		{517BE0EF-028F-4C9C-A975-B2491408990F}.Debug|x86.ActiveCfg = Debug|Any CPU
		{517BE0EF-028F-4C9C-A975-B2491408990F}.Debug|x86.Build.0 = Debug|Any CPU
		{517BE0EF-028F-4C9C-A975-B2491408990F}.Release|Any CPU.ActiveCfg = Release|Any CPU
		{517BE0EF-028F-4C9C-A975-B2491408990F}.Release|Any CPU.Build.0 = Release|Any CPU
		{517BE0EF-028F-4C9C-A975-B2491408990F}.Release|x64.ActiveCfg = Release|Any CPU
		{517BE0EF-028F-4C9C-A975-B2491408990F}.Release|x64.Build.0 = Release|Any CPU
		{517BE0EF-028F-4C9C-A975-B2491408990F}.Release|x86.ActiveCfg = Release|Any CPU
		{517BE0EF-028F-4C9C-A975-B2491408990F}.Release|x86.Build.0 = Release|Any CPU
		{BCF96576-0065-47EA-A667-7C28D43F8387}.Debug|Any CPU.ActiveCfg = Debug|Any CPU
		{BCF96576-0065-47EA-A667-7C28D43F8387}.Debug|Any CPU.Build.0 = Debug|Any CPU
		{BCF96576-0065-47EA-A667-7C28D43F8387}.Debug|x64.ActiveCfg = Debug|Any CPU
		{BCF96576-0065-47EA-A667-7C28D43F8387}.Debug|x64.Build.0 = Debug|Any CPU
		{BCF96576-0065-47EA-A667-7C28D43F8387}.Debug|x86.ActiveCfg = Debug|Any CPU
		{BCF96576-0065-47EA-A667-7C28D43F8387}.Debug|x86.Build.0 = Debug|Any CPU
		{BCF96576-0065-47EA-A667-7C28D43F8387}.Release|Any CPU.ActiveCfg = Release|Any CPU
		{BCF96576-0065-47EA-A667-7C28D43F8387}.Release|Any CPU.Build.0 = Release|Any CPU
		{BCF96576-0065-47EA-A667-7C28D43F8387}.Release|x64.ActiveCfg = Release|Any CPU
		{BCF96576-0065-47EA-A667-7C28D43F8387}.Release|x64.Build.0 = Release|Any CPU
		{BCF96576-0065-47EA-A667-7C28D43F8387}.Release|x86.ActiveCfg = Release|Any CPU
		{BCF96576-0065-47EA-A667-7C28D43F8387}.Release|x86.Build.0 = Release|Any CPU
		{C33654CB-D39C-40D7-8BD8-C43B924355DA}.Debug|Any CPU.ActiveCfg = Debug|Any CPU
		{C33654CB-D39C-40D7-8BD8-C43B924355DA}.Debug|Any CPU.Build.0 = Debug|Any CPU
		{C33654CB-D39C-40D7-8BD8-C43B924355DA}.Debug|x64.ActiveCfg = Debug|Any CPU
		{C33654CB-D39C-40D7-8BD8-C43B924355DA}.Debug|x64.Build.0 = Debug|Any CPU
		{C33654CB-D39C-40D7-8BD8-C43B924355DA}.Debug|x86.ActiveCfg = Debug|Any CPU
		{C33654CB-D39C-40D7-8BD8-C43B924355DA}.Debug|x86.Build.0 = Debug|Any CPU
		{C33654CB-D39C-40D7-8BD8-C43B924355DA}.Release|Any CPU.ActiveCfg = Release|Any CPU
		{C33654CB-D39C-40D7-8BD8-C43B924355DA}.Release|Any CPU.Build.0 = Release|Any CPU
		{C33654CB-D39C-40D7-8BD8-C43B924355DA}.Release|x64.ActiveCfg = Release|Any CPU
		{C33654CB-D39C-40D7-8BD8-C43B924355DA}.Release|x64.Build.0 = Release|Any CPU
		{C33654CB-D39C-40D7-8BD8-C43B924355DA}.Release|x86.ActiveCfg = Release|Any CPU
		{C33654CB-D39C-40D7-8BD8-C43B924355DA}.Release|x86.Build.0 = Release|Any CPU
		{B2CB8C22-FA8C-43E7-B17A-20D0AC3920DC}.Debug|Any CPU.ActiveCfg = Debug|Any CPU
		{B2CB8C22-FA8C-43E7-B17A-20D0AC3920DC}.Debug|Any CPU.Build.0 = Debug|Any CPU
		{B2CB8C22-FA8C-43E7-B17A-20D0AC3920DC}.Debug|x64.ActiveCfg = Debug|Any CPU
		{B2CB8C22-FA8C-43E7-B17A-20D0AC3920DC}.Debug|x64.Build.0 = Debug|Any CPU
		{B2CB8C22-FA8C-43E7-B17A-20D0AC3920DC}.Debug|x86.ActiveCfg = Debug|Any CPU
		{B2CB8C22-FA8C-43E7-B17A-20D0AC3920DC}.Debug|x86.Build.0 = Debug|Any CPU
		{B2CB8C22-FA8C-43E7-B17A-20D0AC3920DC}.Release|Any CPU.ActiveCfg = Release|Any CPU
		{B2CB8C22-FA8C-43E7-B17A-20D0AC3920DC}.Release|Any CPU.Build.0 = Release|Any CPU
		{B2CB8C22-FA8C-43E7-B17A-20D0AC3920DC}.Release|x64.ActiveCfg = Release|Any CPU
		{B2CB8C22-FA8C-43E7-B17A-20D0AC3920DC}.Release|x64.Build.0 = Release|Any CPU
		{B2CB8C22-FA8C-43E7-B17A-20D0AC3920DC}.Release|x86.ActiveCfg = Release|Any CPU
		{B2CB8C22-FA8C-43E7-B17A-20D0AC3920DC}.Release|x86.Build.0 = Release|Any CPU
		{5149DDD5-CCDF-4A1E-A71A-A8D3CD40F382}.Debug|Any CPU.ActiveCfg = Debug|Any CPU
		{5149DDD5-CCDF-4A1E-A71A-A8D3CD40F382}.Debug|Any CPU.Build.0 = Debug|Any CPU
		{5149DDD5-CCDF-4A1E-A71A-A8D3CD40F382}.Debug|x64.ActiveCfg = Debug|Any CPU
		{5149DDD5-CCDF-4A1E-A71A-A8D3CD40F382}.Debug|x64.Build.0 = Debug|Any CPU
		{5149DDD5-CCDF-4A1E-A71A-A8D3CD40F382}.Debug|x86.ActiveCfg = Debug|Any CPU
		{5149DDD5-CCDF-4A1E-A71A-A8D3CD40F382}.Debug|x86.Build.0 = Debug|Any CPU
		{5149DDD5-CCDF-4A1E-A71A-A8D3CD40F382}.Release|Any CPU.ActiveCfg = Release|Any CPU
		{5149DDD5-CCDF-4A1E-A71A-A8D3CD40F382}.Release|Any CPU.Build.0 = Release|Any CPU
		{5149DDD5-CCDF-4A1E-A71A-A8D3CD40F382}.Release|x64.ActiveCfg = Release|Any CPU
		{5149DDD5-CCDF-4A1E-A71A-A8D3CD40F382}.Release|x64.Build.0 = Release|Any CPU
		{5149DDD5-CCDF-4A1E-A71A-A8D3CD40F382}.Release|x86.ActiveCfg = Release|Any CPU
		{5149DDD5-CCDF-4A1E-A71A-A8D3CD40F382}.Release|x86.Build.0 = Release|Any CPU
		{08C84F67-E42A-4F52-9E6C-9109C7FEAE9D}.Debug|Any CPU.ActiveCfg = Debug|Any CPU
		{08C84F67-E42A-4F52-9E6C-9109C7FEAE9D}.Debug|Any CPU.Build.0 = Debug|Any CPU
		{08C84F67-E42A-4F52-9E6C-9109C7FEAE9D}.Debug|x64.ActiveCfg = Debug|Any CPU
		{08C84F67-E42A-4F52-9E6C-9109C7FEAE9D}.Debug|x64.Build.0 = Debug|Any CPU
		{08C84F67-E42A-4F52-9E6C-9109C7FEAE9D}.Debug|x86.ActiveCfg = Debug|Any CPU
		{08C84F67-E42A-4F52-9E6C-9109C7FEAE9D}.Debug|x86.Build.0 = Debug|Any CPU
		{08C84F67-E42A-4F52-9E6C-9109C7FEAE9D}.Release|Any CPU.ActiveCfg = Release|Any CPU
		{08C84F67-E42A-4F52-9E6C-9109C7FEAE9D}.Release|Any CPU.Build.0 = Release|Any CPU
		{08C84F67-E42A-4F52-9E6C-9109C7FEAE9D}.Release|x64.ActiveCfg = Release|Any CPU
		{08C84F67-E42A-4F52-9E6C-9109C7FEAE9D}.Release|x64.Build.0 = Release|Any CPU
		{08C84F67-E42A-4F52-9E6C-9109C7FEAE9D}.Release|x86.ActiveCfg = Release|Any CPU
		{08C84F67-E42A-4F52-9E6C-9109C7FEAE9D}.Release|x86.Build.0 = Release|Any CPU
	EndGlobalSection
	GlobalSection(SolutionProperties) = preSolution
		HideSolutionNode = FALSE
	EndGlobalSection
	GlobalSection(NestedProjects) = preSolution
		{46944229-B8B0-422D-B76F-F6EE6506E716} = {827E0CD3-B72D-47B6-A68D-7590B98EB39B}
		{0F4223A6-701A-4EDB-B1FF-ED5661347EE7} = {827E0CD3-B72D-47B6-A68D-7590B98EB39B}
		{166F74F0-46C8-4C7C-A111-7CA9E79D157F} = {827E0CD3-B72D-47B6-A68D-7590B98EB39B}
		{AEA92141-CD8C-4AF4-999A-8945A80736FC} = {827E0CD3-B72D-47B6-A68D-7590B98EB39B}
		{80413CE2-FA64-4030-B6D5-566BFEEE26E4} = {827E0CD3-B72D-47B6-A68D-7590B98EB39B}
		{517BE0EF-028F-4C9C-A975-B2491408990F} = {827E0CD3-B72D-47B6-A68D-7590B98EB39B}
		{BCF96576-0065-47EA-A667-7C28D43F8387} = {0AB3BF05-4346-4AA6-1389-037BE0695223}
		{C33654CB-D39C-40D7-8BD8-C43B924355DA} = {0AB3BF05-4346-4AA6-1389-037BE0695223}
		{B2CB8C22-FA8C-43E7-B17A-20D0AC3920DC} = {827E0CD3-B72D-47B6-A68D-7590B98EB39B}
		{5149DDD5-CCDF-4A1E-A71A-A8D3CD40F382} = {0AB3BF05-4346-4AA6-1389-037BE0695223}
		{08C84F67-E42A-4F52-9E6C-9109C7FEAE9D} = {0AB3BF05-4346-4AA6-1389-037BE0695223}
	EndGlobalSection
EndGlobal
